
Microsoft Visual Studio Solution File, Format Version 12.00
# Visual Studio 15
VisualStudioVersion = 15.0.28307.757
MinimumVisualStudioVersion = 10.0.40219.1
Project("{FAE04EC0-301F-11D3-BF4B-00C04F79EFBC}") = "RevitLookup", "RevitLookup\RevitLookup.csproj", "{05C77115-2277-4DFC-8F95-BE37E5F1130F}"
EndProject
Global
	GlobalSection(SolutionConfigurationPlatforms) = preSolution
		Debug|x64 = Debug|x64
		Release|x64 = Release|x64
	EndGlobalSection
	GlobalSection(ProjectConfigurationPlatforms) = postSolution
		{05C77115-2277-4DFC-8F95-BE37E5F1130F}.Debug|x64.ActiveCfg = Debug|x64
		{05C77115-2277-4DFC-8F95-BE37E5F1130F}.Debug|x64.Build.0 = Debug|x64
		{05C77115-2277-4DFC-8F95-BE37E5F1130F}.Release|x64.ActiveCfg = Release|x64
		{05C77115-2277-4DFC-8F95-BE37E5F1130F}.Release|x64.Build.0 = Release|x64
	EndGlobalSection
	GlobalSection(SolutionProperties) = preSolution
		HideSolutionNode = FALSE
	EndGlobalSection
	GlobalSection(ExtensibilityGlobals) = postSolution
		SolutionGuid = {CDC9D108-9880-46A7-B5BE-86ED4F593005}
	EndGlobalSection
EndGlobal
